
Microsoft Visual Studio Solution File, Format Version 12.00
# Visual Studio 15
Project("{FAE04EC0-301F-11D3-BF4B-00C04F79EFBC}") = "Assembly-CSharp", "Assembly-CSharp.csproj", "{BBE51598-62B8-C15A-9366-2AAAE5437789}"
EndProject
Global
	GlobalSection(SolutionConfigurationPlatforms) = preSolution
		Debug|Any CPU = Debug|Any CPU
		Release|Any CPU = Release|Any CPU
	EndGlobalSection
	GlobalSection(ProjectConfigurationPlatforms) = postSolution
		{BBE51598-62B8-C15A-9366-2AAAE5437789}.Debug|Any CPU.ActiveCfg = Debug|Any CPU
		{BBE51598-62B8-C15A-9366-2AAAE5437789}.Debug|Any CPU.Build.0 = Debug|Any CPU
		{BBE51598-62B8-C15A-9366-2AAAE5437789}.Release|Any CPU.ActiveCfg = Release|Any CPU
		{BBE51598-62B8-C15A-9366-2AAAE5437789}.Release|Any CPU.Build.0 = Release|Any CPU
	EndGlobalSection
	GlobalSection(SolutionProperties) = preSolution
		HideSolutionNode = FALSE
	EndGlobalSection
EndGlobal
